
Microsoft Visual Studio Solution File, Format Version 12.00
# Visual Studio Version 16
VisualStudioVersion = 16.0.30709.132
MinimumVisualStudioVersion = 10.0.40219.1
Project("{2150E333-8FDC-42A3-9474-1A3956D46DE8}") = "src", "src", "{1D6546ED-2E79-4A5C-B3EB-027F39973241}"
EndProject
Project("{2150E333-8FDC-42A3-9474-1A3956D46DE8}") = "test", "test", "{76E2434F-751A-499B-8131-06405AC9CA89}"
EndProject
Project("{9A19103F-16F7-4668-BE54-9A1E7A4F7556}") = "Zto.BookStore.Domain", "src\Zto.BookStore.Domain\Zto.BookStore.Domain.csproj", "{49AF768E-C2B1-4B82-B96A-B1D9FEC678CB}"
EndProject
Project("{9A19103F-16F7-4668-BE54-9A1E7A4F7556}") = "Zto.BookStore.Domai.Tests", "test\Zto.BookStore.Domai.Tests\Zto.BookStore.Domai.Tests.csproj", "{D392DDD6-F4EE-4A09-9FBB-E7E6FB9B9DF8}"
EndProject
Project("{9A19103F-16F7-4668-BE54-9A1E7A4F7556}") = "Zto.BookStore.Domain.Shared", "src\Zto.BookStore.Domain.Shared\Zto.BookStore.Domain.Shared.csproj", "{9534ABD3-4954-46EB-AF78-66B61536B38E}"
EndProject
Project("{9A19103F-16F7-4668-BE54-9A1E7A4F7556}") = "Zto.BookStore.EntityFrameworkCore", "src\Zto.BookStore.EntityFrameworkCore\Zto.BookStore.EntityFrameworkCore.csproj", "{2EF8A8C0-0D75-4762-8A47-35CC4636ADC3}"
EndProject
Project("{9A19103F-16F7-4668-BE54-9A1E7A4F7556}") = "Zto.BookStore.EntityFrameworkCore.DbMigrations", "src\Zto.BookStore.EntityFrameworkCore.DbMigrations\Zto.BookStore.EntityFrameworkCore.DbMigrations.csproj", "{325D5F12-00B6-4106-B05F-2E37DACCC3ED}"
EndProject
Project("{9A19103F-16F7-4668-BE54-9A1E7A4F7556}") = "Zto.BookStore.Application.Contracts", "src\Zto.BookStore.Application.Contracts\Zto.BookStore.Application.Contracts.csproj", "{48D0E111-8B82-46F9-98FA-A514EC6D68F2}"
EndProject
Project("{9A19103F-16F7-4668-BE54-9A1E7A4F7556}") = "Zto.BookStore.DbMigrator", "src\Zto.BookStore.DbMigrator\Zto.BookStore.DbMigrator.csproj", "{565D47CF-0936-4F0E-9242-1335BE051A3D}"
EndProject
Project("{9A19103F-16F7-4668-BE54-9A1E7A4F7556}") = "Zto.BookStore.Application", "src\Zto.BookStore.Application\Zto.BookStore.Application.csproj", "{C042E82A-FBB8-4854-92FA-52BC76A545CF}"
EndProject
Project("{9A19103F-16F7-4668-BE54-9A1E7A4F7556}") = "Zto.BookStore.HttpApi", "src\Zto.BookStore.HttpApi\Zto.BookStore.HttpApi.csproj", "{88694DD1-7CA6-4AE2-906D-4611835EE397}"
EndProject
Project("{9A19103F-16F7-4668-BE54-9A1E7A4F7556}") = "Zto.BookStore.HttpApi.Client", "src\Zto.BookStore.HttpApi.Client\Zto.BookStore.HttpApi.Client.csproj", "{72B2CEB3-568D-4560-A8E0-A0B1C20C31CD}"
EndProject
Project("{9A19103F-16F7-4668-BE54-9A1E7A4F7556}") = "Zto.BookStore.HttpApi.Client.ConsoleTestApp", "test\Zto.BookStore.HttpApi.Client.ConsoleTestApp\Zto.BookStore.HttpApi.Client.ConsoleTestApp.csproj", "{76F794E9-62B1-4735-BEA8-501F84BBB7FF}"
EndProject
Project("{9A19103F-16F7-4668-BE54-9A1E7A4F7556}") = "Zto.BookStore.HttpApi.Host", "src\Zto.BookStore.HttpApi.Host\Zto.BookStore.HttpApi.Host.csproj", "{138B1D75-53D6-48AD-ADD4-32A9036AFB8C}"
EndProject
Project("{FAE04EC0-301F-11D3-BF4B-00C04F79EFBC}") = "Zto.BookStore.IdentityServer", "src\Zto.BookStore.IdentityServer\Zto.BookStore.IdentityServer.csproj", "{E5A62E2A-B662-40B5-9C6B-FE1004CC0D56}"
EndProject
Global
	GlobalSection(SolutionConfigurationPlatforms) = preSolution
		Debug|Any CPU = Debug|Any CPU
		Release|Any CPU = Release|Any CPU
	EndGlobalSection
	GlobalSection(ProjectConfigurationPlatforms) = postSolution
		{49AF768E-C2B1-4B82-B96A-B1D9FEC678CB}.Debug|Any CPU.ActiveCfg = Debug|Any CPU
		{49AF768E-C2B1-4B82-B96A-B1D9FEC678CB}.Debug|Any CPU.Build.0 = Debug|Any CPU
		{49AF768E-C2B1-4B82-B96A-B1D9FEC678CB}.Release|Any CPU.ActiveCfg = Release|Any CPU
		{49AF768E-C2B1-4B82-B96A-B1D9FEC678CB}.Release|Any CPU.Build.0 = Release|Any CPU
		{D392DDD6-F4EE-4A09-9FBB-E7E6FB9B9DF8}.Debug|Any CPU.ActiveCfg = Debug|Any CPU
		{D392DDD6-F4EE-4A09-9FBB-E7E6FB9B9DF8}.Debug|Any CPU.Build.0 = Debug|Any CPU
		{D392DDD6-F4EE-4A09-9FBB-E7E6FB9B9DF8}.Release|Any CPU.ActiveCfg = Release|Any CPU
		{D392DDD6-F4EE-4A09-9FBB-E7E6FB9B9DF8}.Release|Any CPU.Build.0 = Release|Any CPU
		{9534ABD3-4954-46EB-AF78-66B61536B38E}.Debug|Any CPU.ActiveCfg = Debug|Any CPU
		{9534ABD3-4954-46EB-AF78-66B61536B38E}.Debug|Any CPU.Build.0 = Debug|Any CPU
		{9534ABD3-4954-46EB-AF78-66B61536B38E}.Release|Any CPU.ActiveCfg = Release|Any CPU
		{9534ABD3-4954-46EB-AF78-66B61536B38E}.Release|Any CPU.Build.0 = Release|Any CPU
		{2EF8A8C0-0D75-4762-8A47-35CC4636ADC3}.Debug|Any CPU.ActiveCfg = Debug|Any CPU
		{2EF8A8C0-0D75-4762-8A47-35CC4636ADC3}.Debug|Any CPU.Build.0 = Debug|Any CPU
		{2EF8A8C0-0D75-4762-8A47-35CC4636ADC3}.Release|Any CPU.ActiveCfg = Release|Any CPU
		{2EF8A8C0-0D75-4762-8A47-35CC4636ADC3}.Release|Any CPU.Build.0 = Release|Any CPU
		{325D5F12-00B6-4106-B05F-2E37DACCC3ED}.Debug|Any CPU.ActiveCfg = Debug|Any CPU
		{325D5F12-00B6-4106-B05F-2E37DACCC3ED}.Debug|Any CPU.Build.0 = Debug|Any CPU
		{325D5F12-00B6-4106-B05F-2E37DACCC3ED}.Release|Any CPU.ActiveCfg = Release|Any CPU
		{325D5F12-00B6-4106-B05F-2E37DACCC3ED}.Release|Any CPU.Build.0 = Release|Any CPU
		{48D0E111-8B82-46F9-98FA-A514EC6D68F2}.Debug|Any CPU.ActiveCfg = Debug|Any CPU
		{48D0E111-8B82-46F9-98FA-A514EC6D68F2}.Debug|Any CPU.Build.0 = Debug|Any CPU
		{48D0E111-8B82-46F9-98FA-A514EC6D68F2}.Release|Any CPU.ActiveCfg = Release|Any CPU
		{48D0E111-8B82-46F9-98FA-A514EC6D68F2}.Release|Any CPU.Build.0 = Release|Any CPU
		{565D47CF-0936-4F0E-9242-1335BE051A3D}.Debug|Any CPU.ActiveCfg = Debug|Any CPU
		{565D47CF-0936-4F0E-9242-1335BE051A3D}.Debug|Any CPU.Build.0 = Debug|Any CPU
		{565D47CF-0936-4F0E-9242-1335BE051A3D}.Release|Any CPU.ActiveCfg = Release|Any CPU
		{565D47CF-0936-4F0E-9242-1335BE051A3D}.Release|Any CPU.Build.0 = Release|Any CPU
		{C042E82A-FBB8-4854-92FA-52BC76A545CF}.Debug|Any CPU.ActiveCfg = Debug|Any CPU
		{C042E82A-FBB8-4854-92FA-52BC76A545CF}.Debug|Any CPU.Build.0 = Debug|Any CPU
		{C042E82A-FBB8-4854-92FA-52BC76A545CF}.Release|Any CPU.ActiveCfg = Release|Any CPU
		{C042E82A-FBB8-4854-92FA-52BC76A545CF}.Release|Any CPU.Build.0 = Release|Any CPU
		{88694DD1-7CA6-4AE2-906D-4611835EE397}.Debug|Any CPU.ActiveCfg = Debug|Any CPU
		{88694DD1-7CA6-4AE2-906D-4611835EE397}.Debug|Any CPU.Build.0 = Debug|Any CPU
		{88694DD1-7CA6-4AE2-906D-4611835EE397}.Release|Any CPU.ActiveCfg = Release|Any CPU
		{88694DD1-7CA6-4AE2-906D-4611835EE397}.Release|Any CPU.Build.0 = Release|Any CPU
		{72B2CEB3-568D-4560-A8E0-A0B1C20C31CD}.Debug|Any CPU.ActiveCfg = Debug|Any CPU
		{72B2CEB3-568D-4560-A8E0-A0B1C20C31CD}.Debug|Any CPU.Build.0 = Debug|Any CPU
		{72B2CEB3-568D-4560-A8E0-A0B1C20C31CD}.Release|Any CPU.ActiveCfg = Release|Any CPU
		{72B2CEB3-568D-4560-A8E0-A0B1C20C31CD}.Release|Any CPU.Build.0 = Release|Any CPU
		{76F794E9-62B1-4735-BEA8-501F84BBB7FF}.Debug|Any CPU.ActiveCfg = Debug|Any CPU
		{76F794E9-62B1-4735-BEA8-501F84BBB7FF}.Debug|Any CPU.Build.0 = Debug|Any CPU
		{76F794E9-62B1-4735-BEA8-501F84BBB7FF}.Release|Any CPU.ActiveCfg = Release|Any CPU
		{76F794E9-62B1-4735-BEA8-501F84BBB7FF}.Release|Any CPU.Build.0 = Release|Any CPU
		{138B1D75-53D6-48AD-ADD4-32A9036AFB8C}.Debug|Any CPU.ActiveCfg = Debug|Any CPU
		{138B1D75-53D6-48AD-ADD4-32A9036AFB8C}.Debug|Any CPU.Build.0 = Debug|Any CPU
		{138B1D75-53D6-48AD-ADD4-32A9036AFB8C}.Release|Any CPU.ActiveCfg = Release|Any CPU
		{138B1D75-53D6-48AD-ADD4-32A9036AFB8C}.Release|Any CPU.Build.0 = Release|Any CPU
		{E5A62E2A-B662-40B5-9C6B-FE1004CC0D56}.Debug|Any CPU.ActiveCfg = Debug|Any CPU
		{E5A62E2A-B662-40B5-9C6B-FE1004CC0D56}.Debug|Any CPU.Build.0 = Debug|Any CPU
		{E5A62E2A-B662-40B5-9C6B-FE1004CC0D56}.Release|Any CPU.ActiveCfg = Release|Any CPU
		{E5A62E2A-B662-40B5-9C6B-FE1004CC0D56}.Release|Any CPU.Build.0 = Release|Any CPU
	EndGlobalSection
	GlobalSection(SolutionProperties) = preSolution
		HideSolutionNode = FALSE
	EndGlobalSection
	GlobalSection(NestedProjects) = preSolution
		{49AF768E-C2B1-4B82-B96A-B1D9FEC678CB} = {1D6546ED-2E79-4A5C-B3EB-027F39973241}
		{D392DDD6-F4EE-4A09-9FBB-E7E6FB9B9DF8} = {76E2434F-751A-499B-8131-06405AC9CA89}
		{9534ABD3-4954-46EB-AF78-66B61536B38E} = {1D6546ED-2E79-4A5C-B3EB-027F39973241}
		{2EF8A8C0-0D75-4762-8A47-35CC4636ADC3} = {1D6546ED-2E79-4A5C-B3EB-027F39973241}
		{325D5F12-00B6-4106-B05F-2E37DACCC3ED} = {1D6546ED-2E79-4A5C-B3EB-027F39973241}
		{48D0E111-8B82-46F9-98FA-A514EC6D68F2} = {1D6546ED-2E79-4A5C-B3EB-027F39973241}
		{565D47CF-0936-4F0E-9242-1335BE051A3D} = {1D6546ED-2E79-4A5C-B3EB-027F39973241}
		{C042E82A-FBB8-4854-92FA-52BC76A545CF} = {1D6546ED-2E79-4A5C-B3EB-027F39973241}
		{88694DD1-7CA6-4AE2-906D-4611835EE397} = {1D6546ED-2E79-4A5C-B3EB-027F39973241}
		{72B2CEB3-568D-4560-A8E0-A0B1C20C31CD} = {1D6546ED-2E79-4A5C-B3EB-027F39973241}
		{76F794E9-62B1-4735-BEA8-501F84BBB7FF} = {76E2434F-751A-499B-8131-06405AC9CA89}
		{138B1D75-53D6-48AD-ADD4-32A9036AFB8C} = {1D6546ED-2E79-4A5C-B3EB-027F39973241}
		{E5A62E2A-B662-40B5-9C6B-FE1004CC0D56} = {1D6546ED-2E79-4A5C-B3EB-027F39973241}
	EndGlobalSection
	GlobalSection(ExtensibilityGlobals) = postSolution
		SolutionGuid = {CFF21C90-11F7-42EF-BAF5-1E41959CC5C3}
	EndGlobalSection
EndGlobal
