
Microsoft Visual Studio Solution File, Format Version 12.00
# Visual Studio Version 16
VisualStudioVersion = 16.0.30709.132
MinimumVisualStudioVersion = 10.0.40219.1
Project("{9A19103F-16F7-4668-BE54-9A1E7A4F7556}") = "Kawe.Abp.Leaning.ConsoleClient", "Kawe.Abp.Leaning.ConsoleClient\Kawe.Abp.Leaning.ConsoleClient.csproj", "{1B6AE7AE-05FB-42BF-8058-58DECCAC3D77}"
EndProject
Project("{2150E333-8FDC-42A3-9474-1A3956D46DE8}") = "OtherMoudles", "OtherMoudles", "{0CD87A5D-8409-4958-8B9A-2283C39ADB5B}"
EndProject
Project("{FAE04EC0-301F-11D3-BF4B-00C04F79EFBC}") = "Kawe.Abp.Learning.AccountAbpModule", "Kawe.Abp.Learning.AccountAbpModule\Kawe.Abp.Learning.AccountAbpModule.csproj", "{E385E01A-11D0-4AD4-BCBB-8B03C893AE07}"
EndProject
Global
	GlobalSection(SolutionConfigurationPlatforms) = preSolution
		Debug|Any CPU = Debug|Any CPU
		Release|Any CPU = Release|Any CPU
	EndGlobalSection
	GlobalSection(ProjectConfigurationPlatforms) = postSolution
		{1B6AE7AE-05FB-42BF-8058-58DECCAC3D77}.Debug|Any CPU.ActiveCfg = Debug|Any CPU
		{1B6AE7AE-05FB-42BF-8058-58DECCAC3D77}.Debug|Any CPU.Build.0 = Debug|Any CPU
		{1B6AE7AE-05FB-42BF-8058-58DECCAC3D77}.Release|Any CPU.ActiveCfg = Release|Any CPU
		{1B6AE7AE-05FB-42BF-8058-58DECCAC3D77}.Release|Any CPU.Build.0 = Release|Any CPU
		{E385E01A-11D0-4AD4-BCBB-8B03C893AE07}.Debug|Any CPU.ActiveCfg = Debug|Any CPU
		{E385E01A-11D0-4AD4-BCBB-8B03C893AE07}.Debug|Any CPU.Build.0 = Debug|Any CPU
		{E385E01A-11D0-4AD4-BCBB-8B03C893AE07}.Release|Any CPU.ActiveCfg = Release|Any CPU
		{E385E01A-11D0-4AD4-BCBB-8B03C893AE07}.Release|Any CPU.Build.0 = Release|Any CPU
	EndGlobalSection
	GlobalSection(SolutionProperties) = preSolution
		HideSolutionNode = FALSE
	EndGlobalSection
	GlobalSection(NestedProjects) = preSolution
		{E385E01A-11D0-4AD4-BCBB-8B03C893AE07} = {0CD87A5D-8409-4958-8B9A-2283C39ADB5B}
	EndGlobalSection
	GlobalSection(ExtensibilityGlobals) = postSolution
		SolutionGuid = {E22E0E8C-ED15-4FC5-BA99-74ED8686285E}
	EndGlobalSection
EndGlobal
